
Microsoft Visual Studio Solution File, Format Version 12.00
# Visual Studio Version 16
VisualStudioVersion = 16.0.30711.63
MinimumVisualStudioVersion = 10.0.40219.1
Project("{8BC9CEB8-8B4A-11D0-8D11-00A0C91BC942}") = "KnightGame", "KnightGame\KnightGame.vcxproj", "{5A27FD12-CBF8-476B-9C58-DF9F3007B909}"
EndProject
Global
	GlobalSection(SolutionConfigurationPlatforms) = preSolution
		Debug|x64 = Debug|x64
		Debug|x86 = Debug|x86
		Release|x64 = Release|x64
		Release|x86 = Release|x86
	EndGlobalSection
	GlobalSection(ProjectConfigurationPlatforms) = postSolution
		{5A27FD12-CBF8-476B-9C58-DF9F3007B909}.Debug|x64.ActiveCfg = Debug|x64
		{5A27FD12-CBF8-476B-9C58-DF9F3007B909}.Debug|x64.Build.0 = Debug|x64
		{5A27FD12-CBF8-476B-9C58-DF9F3007B909}.Debug|x86.ActiveCfg = Debug|Win32
		{5A27FD12-CBF8-476B-9C58-DF9F3007B909}.Debug|x86.Build.0 = Debug|Win32
		{5A27FD12-CBF8-476B-9C58-DF9F3007B909}.Release|x64.ActiveCfg = Release|x64
		{5A27FD12-CBF8-476B-9C58-DF9F3007B909}.Release|x64.Build.0 = Release|x64
		{5A27FD12-CBF8-476B-9C58-DF9F3007B909}.Release|x86.ActiveCfg = Release|Win32
		{5A27FD12-CBF8-476B-9C58-DF9F3007B909}.Release|x86.Build.0 = Release|Win32
	EndGlobalSection
	GlobalSection(SolutionProperties) = preSolution
		HideSolutionNode = FALSE
	EndGlobalSection
	GlobalSection(ExtensibilityGlobals) = postSolution
		SolutionGuid = {122B3FD8-8A80-4077-941D-657CBD676BDD}
	EndGlobalSection
EndGlobal
